
Microsoft Visual Studio Solution File, Format Version 12.00
# Visual Studio Version 16
VisualStudioVersion = 25.0.1706.9
MinimumVisualStudioVersion = 10.0.40219.1
Project("{FAE04EC0-301F-11D3-BF4B-00C04F79EFBC}") = "VinhUni-Educator-API", "VinhUni-Educator-API.csproj", "{729382AF-D9CC-4A3D-8E97-ACA2E05E934E}"
EndProject
Global
	GlobalSection(SolutionConfigurationPlatforms) = preSolution
		Release|Any CPU = Release|Any CPU
	EndGlobalSection
	GlobalSection(ProjectConfigurationPlatforms) = postSolution
		{729382AF-D9CC-4A3D-8E97-ACA2E05E934E}.Release|Any CPU.ActiveCfg = Release|Any CPU
		{729382AF-D9CC-4A3D-8E97-ACA2E05E934E}.Release|Any CPU.Build.0 = Release|Any CPU
	EndGlobalSection
	GlobalSection(SolutionProperties) = preSolution
		HideSolutionNode = FALSE
	EndGlobalSection
	GlobalSection(ExtensibilityGlobals) = postSolution
		SolutionGuid = {15139017-DDF0-4B11-94F2-EB2F1B6077B3}
	EndGlobalSection
EndGlobal
